
Microsoft Visual Studio Solution File, Format Version 12.00
# Visual Studio 14
VisualStudioVersion = 14.0.25420.1
MinimumVisualStudioVersion = 10.0.40219.1
Project("{A07B5EB6-E848-4116-A8D0-A826331D98C6}") = "Circle", "Circle\Circle.sfproj", "{FCC386E2-2BEF-461E-A821-7BFD86942C1E}"
EndProject
Project("{FAE04EC0-301F-11D3-BF4B-00C04F79EFBC}") = "Circle.WebAPI", "Circle.WebAPI\Circle.WebAPI.csproj", "{987E500A-F2F7-4F5E-A770-6A39E35EFF2E}"
EndProject
Project("{FAE04EC0-301F-11D3-BF4B-00C04F79EFBC}") = "Circle.Repositories", "Circle.Repositories\Circle.Repositories.csproj", "{98CD8DC8-E552-4E4B-90F4-311CC06151A6}"
EndProject
Project("{2150E333-8FDC-42A3-9474-1A3956D46DE8}") = "Test", "Test", "{62CF27E1-9F1B-4DD2-9FF8-B3F7658D3BF1}"
EndProject
Project("{FAE04EC0-301F-11D3-BF4B-00C04F79EFBC}") = "Circle.WebAPI.Test", "Circle.WebAPI.Test\Circle.WebAPI.Test.csproj", "{45666872-1FDC-42E1-84EE-669CBEFE855B}"
EndProject
Global
	GlobalSection(SolutionConfigurationPlatforms) = preSolution
		Debug|Any CPU = Debug|Any CPU
		Debug|x64 = Debug|x64
		Release|Any CPU = Release|Any CPU
		Release|x64 = Release|x64
	EndGlobalSection
	GlobalSection(ProjectConfigurationPlatforms) = postSolution
		{FCC386E2-2BEF-461E-A821-7BFD86942C1E}.Debug|Any CPU.ActiveCfg = Debug|x64
		{FCC386E2-2BEF-461E-A821-7BFD86942C1E}.Debug|x64.ActiveCfg = Debug|x64
		{FCC386E2-2BEF-461E-A821-7BFD86942C1E}.Debug|x64.Build.0 = Debug|x64
		{FCC386E2-2BEF-461E-A821-7BFD86942C1E}.Debug|x64.Deploy.0 = Debug|x64
		{FCC386E2-2BEF-461E-A821-7BFD86942C1E}.Release|Any CPU.ActiveCfg = Release|x64
		{FCC386E2-2BEF-461E-A821-7BFD86942C1E}.Release|x64.ActiveCfg = Release|x64
		{FCC386E2-2BEF-461E-A821-7BFD86942C1E}.Release|x64.Build.0 = Release|x64
		{FCC386E2-2BEF-461E-A821-7BFD86942C1E}.Release|x64.Deploy.0 = Release|x64
		{987E500A-F2F7-4F5E-A770-6A39E35EFF2E}.Debug|Any CPU.ActiveCfg = Debug|x64
		{987E500A-F2F7-4F5E-A770-6A39E35EFF2E}.Debug|x64.ActiveCfg = Debug|x64
		{987E500A-F2F7-4F5E-A770-6A39E35EFF2E}.Debug|x64.Build.0 = Debug|x64
		{987E500A-F2F7-4F5E-A770-6A39E35EFF2E}.Release|Any CPU.ActiveCfg = Release|x64
		{987E500A-F2F7-4F5E-A770-6A39E35EFF2E}.Release|x64.ActiveCfg = Release|x64
		{987E500A-F2F7-4F5E-A770-6A39E35EFF2E}.Release|x64.Build.0 = Release|x64
		{98CD8DC8-E552-4E4B-90F4-311CC06151A6}.Debug|Any CPU.ActiveCfg = Debug|Any CPU
		{98CD8DC8-E552-4E4B-90F4-311CC06151A6}.Debug|Any CPU.Build.0 = Debug|Any CPU
		{98CD8DC8-E552-4E4B-90F4-311CC06151A6}.Debug|x64.ActiveCfg = Debug|Any CPU
		{98CD8DC8-E552-4E4B-90F4-311CC06151A6}.Debug|x64.Build.0 = Debug|Any CPU
		{98CD8DC8-E552-4E4B-90F4-311CC06151A6}.Release|Any CPU.ActiveCfg = Release|Any CPU
		{98CD8DC8-E552-4E4B-90F4-311CC06151A6}.Release|Any CPU.Build.0 = Release|Any CPU
		{98CD8DC8-E552-4E4B-90F4-311CC06151A6}.Release|x64.ActiveCfg = Release|Any CPU
		{98CD8DC8-E552-4E4B-90F4-311CC06151A6}.Release|x64.Build.0 = Release|Any CPU
		{45666872-1FDC-42E1-84EE-669CBEFE855B}.Debug|Any CPU.ActiveCfg = Debug|Any CPU
		{45666872-1FDC-42E1-84EE-669CBEFE855B}.Debug|Any CPU.Build.0 = Debug|Any CPU
		{45666872-1FDC-42E1-84EE-669CBEFE855B}.Debug|x64.ActiveCfg = Debug|Any CPU
		{45666872-1FDC-42E1-84EE-669CBEFE855B}.Debug|x64.Build.0 = Debug|Any CPU
		{45666872-1FDC-42E1-84EE-669CBEFE855B}.Release|Any CPU.ActiveCfg = Release|Any CPU
		{45666872-1FDC-42E1-84EE-669CBEFE855B}.Release|Any CPU.Build.0 = Release|Any CPU
		{45666872-1FDC-42E1-84EE-669CBEFE855B}.Release|x64.ActiveCfg = Release|Any CPU
		{45666872-1FDC-42E1-84EE-669CBEFE855B}.Release|x64.Build.0 = Release|Any CPU
	EndGlobalSection
	GlobalSection(SolutionProperties) = preSolution
		HideSolutionNode = FALSE
	EndGlobalSection
	GlobalSection(NestedProjects) = preSolution
		{45666872-1FDC-42E1-84EE-669CBEFE855B} = {62CF27E1-9F1B-4DD2-9FF8-B3F7658D3BF1}
	EndGlobalSection
EndGlobal
